{
  "version": 4,
  "terraform_version": "1.11.0",
  "serial": 127,
  "lineage": "8888e596-b038-7e6a-8ecb-1e9fdf0feca9",
  "outputs": {
    "api_gateway_authorizer_id": {
      "value": "54o19x",
      "type": "string"
    },
    "api_gateway_execution_arn": {
      "value": "arn:aws:execute-api:us-east-1:061051226319:2d7z6x7c0i",
      "type": "string"
    },
    "api_gateway_id": {
      "value": "2d7z6x7c0i",
      "type": "string"
    },
    "authenticated_role_arn": {
      "value": "arn:aws:iam::061051226319:role/bmin5100-authenticated-role",
      "type": "string"
    },
    "aws_account_id": {
      "value": "061051226319",
      "type": "string"
    },
    "ecs_cluster_arn": {
      "value": "arn:aws:ecs:us-east-1:061051226319:cluster/bmin5100-cluster",
      "type": "string"
    },
    "ecs_cluster_id": {
      "value": "arn:aws:ecs:us-east-1:061051226319:cluster/bmin5100-cluster",
      "type": "string"
    },
    "ecs_security_group_id": {
      "value": "sg-061a132c5c1ad80ce",
      "type": "string"
    },
    "identity_pool_id": {
      "value": "us-east-1:6c006afe-1718-48c8-875f-51f7de84d8f7",
      "type": "string"
    },
    "private_subnet_id": {
      "value": "subnet-01f95ecd0b65e0a0c",
      "type": "string"
    },
    "public_subnet_id": {
      "value": "subnet-0d4be62aed07ca344",
      "type": "string"
    },
    "user_pool_client_id": {
      "value": "1rskp96od6vbv5icbecm7qigu2",
      "type": "string"
    },
    "user_pool_domain": {
      "value": "bmin5100-students",
      "type": "string"
    },
    "user_pool_id": {
      "value": "us-east-1_1YXxPxFDP",
      "type": "string"
    },
    "user_pool_provider_url": {
      "value": "cognito-idp.us-east-1.amazonaws.com/us-east-1_1YXxPxFDP",
      "type": "string"
    },
    "vpc_id": {
      "value": "vpc-0f05e89b4e3093f37",
      "type": "string"
    }
  },
  "resources": [
    {
      "mode": "data",
      "type": "aws_caller_identity",
      "name": "current",
      "provider": "provider[\"registry.terraform.io/hashicorp/aws\"]",
      "instances": [
        {
          "schema_version": 0,
          "attributes": {
            "account_id": "061051226319",
            "arn": "arn:aws:sts::061051226319:assumed-role/PennPowerUser/Rohan.Shah1@Pennmedicine.upenn.edu-1745433223",
            "id": "061051226319",
            "user_id": "AROAQ4NXPZDHQ5TNAL52C:Rohan.Shah1@Pennmedicine.upenn.edu-1745433223"
          },
          "sensitive_attributes": []
        }
      ]
    },
    {
      "mode": "data",
      "type": "aws_iam_policy_document",
      "name": "penn_student_iam_policy_document",
      "provider": "provider[\"registry.terraform.io/hashicorp/aws\"]",
      "instances": [
        {
          "schema_version": 0,
          "attributes": {
            "id": "396864820",
            "json": "{\n  \"Version\": \"2012-10-17\",\n  \"Statement\": [\n    {\n      \"Sid\": \"AllowStudentsS3TerraformStateReadAccess\",\n      \"Effect\": \"Allow\",\n      \"Action\": [\n        \"s3:ListBucket\",\n        \"s3:GetObject\"\n      ],\n      \"Resource\": [\n        \"arn:aws:s3:::bmin5100-terraform-state/*\",\n        \"arn:aws:s3:::bmin5100-terraform-state\"\n      ]\n    },\n    {\n      \"Sid\": \"AllowStudentsS3TerraformWriteAccess\",\n      \"Effect\": \"Allow\",\n      \"Action\": [\n        \"s3:PutObject\",\n        \"s3:DeleteObject\"\n      ],\n      \"Resource\": [\n        \"arn:aws:s3:::bmin5100-terraform-state/${aws:username}-*/*\",\n        \"arn:aws:s3:::bmin5100-terraform-state/${aws:username}-*\"\n      ]\n    },\n    {\n      \"Sid\": \"AllowStudentsFullS3Access\",\n      \"Effect\": \"Allow\",\n      \"Action\": \"s3:*\",\n      \"Resource\": [\n        \"arn:aws:s3:::*/*\",\n        \"arn:aws:s3:::*\"\n      ],\n      \"Condition\": {\n        \"StringNotEquals\": {\n          \"s3:bucketname\": \"bmin5100-terraform-state\"\n        }\n      }\n    },\n    {\n      \"Sid\": \"AllowStudentsECRFullAccess\",\n      \"Effect\": \"Allow\",\n      \"Action\": \"ecr:*\",\n      \"Resource\": \"*\"\n    },\n    {\n      \"Sid\": \"AllowStudentsFullIAMForECSPolicy\",\n      \"Effect\": \"Allow\",\n      \"Action\": [\n        \"iam:SetDefaultPolicyVersion\",\n        \"iam:ListPolicyVersions\",\n        \"iam:ListPolicies\",\n        \"iam:ListEntitiesForPolicy\",\n        \"iam:ListAttachedRolePolicies\",\n        \"iam:GetPolicyVersion\",\n        \"iam:GetPolicy\",\n        \"iam:DeletePolicyVersion\",\n        \"iam:DeletePolicy\",\n        \"iam:CreatePolicyVersion\",\n        \"iam:CreatePolicy\"\n      ],\n      \"Resource\": \"arn:aws:iam::*:policy/*\"\n    },\n    {\n      \"Sid\": \"AllowStudentsFullIAMForECSRole\",\n      \"Effect\": \"Allow\",\n      \"Action\": [\n        \"iam:UpdateAssumeRolePolicy\",\n        \"iam:PutRolePolicy\",\n        \"iam:ListRoles\",\n        \"iam:ListRolePolicies\",\n        \"iam:ListInstanceProfilesForRole\",\n        \"iam:ListEntitiesForPolicy\",\n        \"iam:ListAttachedRolePolicies\",\n        \"iam:GetRolePolicy\",\n        \"iam:GetRole\",\n        \"iam:DetachRolePolicy\",\n        \"iam:DeleteRolePolicy\",\n        \"iam:DeleteRole\",\n        \"iam:CreateRole\",\n        \"iam:AttachRolePolicy\"\n      ],\n      \"Resource\": \"arn:aws:iam::*:role/*\"\n    },\n    {\n      \"Sid\": \"AllowStudentsIAMPassRole\",\n      \"Effect\": \"Allow\",\n      \"Action\": \"iam:PassRole\",\n      \"Resource\": \"*\"\n    },\n    {\n      \"Sid\": \"AllowStudentsECSFullAccess\",\n      \"Effect\": \"Allow\",\n      \"Action\": \"ecs:*\",\n      \"Resource\": \"*\"\n    },\n    {\n      \"Sid\": \"AllowStudentsCloudWatchFullAccess\",\n      \"Effect\": \"Allow\",\n      \"Action\": \"logs:*\",\n      \"Resource\": \"*\"\n    },\n    {\n      \"Sid\": \"AllowStudentsAmplifyFullAccess\",\n      \"Effect\": \"Allow\",\n      \"Action\": [\n        \"route53:*\",\n        \"amplify:*\"\n      ],\n      \"Resource\": \"*\"\n    },\n    {\n      \"Sid\": \"AllowStudentsLambdaFullAccess\",\n      \"Effect\": \"Allow\",\n      \"Action\": [\n        \"lambda:CreateFunction\",\n        \"lambda:*\",\n        \"ec2:DescribeVpcs\",\n        \"ec2:DescribeSubnets\",\n        \"ec2:DescribeSecurityGroups\"\n      ],\n      \"Resource\": \"*\"\n    },\n    {\n      \"Sid\": \"AllowStudentsApiGatewayFullAccess\",\n      \"Effect\": \"Allow\",\n      \"Action\": \"apigateway:*\",\n      \"Resource\": \"*\"\n    }\n  ]\n}",
            "minified_json": "{\"Version\":\"2012-10-17\",\"Statement\":[{\"Sid\":\"AllowStudentsS3TerraformStateReadAccess\",\"Effect\":\"Allow\",\"Action\":[\"s3:ListBucket\",\"s3:GetObject\"],\"Resource\":[\"arn:aws:s3:::bmin5100-terraform-state/*\",\"arn:aws:s3:::bmin5100-terraform-state\"]},{\"Sid\":\"AllowStudentsS3TerraformWriteAccess\",\"Effect\":\"Allow\",\"Action\":[\"s3:PutObject\",\"s3:DeleteObject\"],\"Resource\":[\"arn:aws:s3:::bmin5100-terraform-state/${aws:username}-*/*\",\"arn:aws:s3:::bmin5100-terraform-state/${aws:username}-*\"]},{\"Sid\":\"AllowStudentsFullS3Access\",\"Effect\":\"Allow\",\"Action\":\"s3:*\",\"Resource\":[\"arn:aws:s3:::*/*\",\"arn:aws:s3:::*\"],\"Condition\":{\"StringNotEquals\":{\"s3:bucketname\":\"bmin5100-terraform-state\"}}},{\"Sid\":\"AllowStudentsECRFullAccess\",\"Effect\":\"Allow\",\"Action\":\"ecr:*\",\"Resource\":\"*\"},{\"Sid\":\"AllowStudentsFullIAMForECSPolicy\",\"Effect\":\"Allow\",\"Action\":[\"iam:SetDefaultPolicyVersion\",\"iam:ListPolicyVersions\",\"iam:ListPolicies\",\"iam:ListEntitiesForPolicy\",\"iam:ListAttachedRolePolicies\",\"iam:GetPolicyVersion\",\"iam:GetPolicy\",\"iam:DeletePolicyVersion\",\"iam:DeletePolicy\",\"iam:CreatePolicyVersion\",\"iam:CreatePolicy\"],\"Resource\":\"arn:aws:iam::*:policy/*\"},{\"Sid\":\"AllowStudentsFullIAMForECSRole\",\"Effect\":\"Allow\",\"Action\":[\"iam:UpdateAssumeRolePolicy\",\"iam:PutRolePolicy\",\"iam:ListRoles\",\"iam:ListRolePolicies\",\"iam:ListInstanceProfilesForRole\",\"iam:ListEntitiesForPolicy\",\"iam:ListAttachedRolePolicies\",\"iam:GetRolePolicy\",\"iam:GetRole\",\"iam:DetachRolePolicy\",\"iam:DeleteRolePolicy\",\"iam:DeleteRole\",\"iam:CreateRole\",\"iam:AttachRolePolicy\"],\"Resource\":\"arn:aws:iam::*:role/*\"},{\"Sid\":\"AllowStudentsIAMPassRole\",\"Effect\":\"Allow\",\"Action\":\"iam:PassRole\",\"Resource\":\"*\"},{\"Sid\":\"AllowStudentsECSFullAccess\",\"Effect\":\"Allow\",\"Action\":\"ecs:*\",\"Resource\":\"*\"},{\"Sid\":\"AllowStudentsCloudWatchFullAccess\",\"Effect\":\"Allow\",\"Action\":\"logs:*\",\"Resource\":\"*\"},{\"Sid\":\"AllowStudentsAmplifyFullAccess\",\"Effect\":\"Allow\",\"Action\":[\"route53:*\",\"amplify:*\"],\"Resource\":\"*\"},{\"Sid\":\"AllowStudentsLambdaFullAccess\",\"Effect\":\"Allow\",\"Action\":[\"lambda:CreateFunction\",\"lambda:*\",\"ec2:DescribeVpcs\",\"ec2:DescribeSubnets\",\"ec2:DescribeSecurityGroups\"],\"Resource\":\"*\"},{\"Sid\":\"AllowStudentsApiGatewayFullAccess\",\"Effect\":\"Allow\",\"Action\":\"apigateway:*\",\"Resource\":\"*\"}]}",
            "override_json": null,
            "override_policy_documents": null,
            "policy_id": null,
            "source_json": null,
            "source_policy_documents": null,
            "statement": [
              {
                "actions": [
                  "s3:GetObject",
                  "s3:ListBucket"
                ],
                "condition": [],
                "effect": "Allow",
                "not_actions": [],
                "not_principals": [],
                "not_resources": [],
                "principals": [],
                "resources": [
                  "arn:aws:s3:::bmin5100-terraform-state",
                  "arn:aws:s3:::bmin5100-terraform-state/*"
                ],
                "sid": "AllowStudentsS3TerraformStateReadAccess"
              },
              {
                "actions": [
                  "s3:DeleteObject",
                  "s3:PutObject"
                ],
                "condition": [],
                "effect": "Allow",
                "not_actions": [],
                "not_principals": [],
                "not_resources": [],
                "principals": [],
                "resources": [
                  "arn:aws:s3:::bmin5100-terraform-state/${aws:username}-*",
                  "arn:aws:s3:::bmin5100-terraform-state/${aws:username}-*/*"
                ],
                "sid": "AllowStudentsS3TerraformWriteAccess"
              },
              {
                "actions": [
                  "s3:*"
                ],
                "condition": [
                  {
                    "test": "StringNotEquals",
                    "values": [
                      "bmin5100-terraform-state"
                    ],
                    "variable": "s3:bucketname"
                  }
                ],
                "effect": "Allow",
                "not_actions": [],
                "not_principals": [],
                "not_resources": [],
                "principals": [],
                "resources": [
                  "arn:aws:s3:::*",
                  "arn:aws:s3:::*/*"
                ],
                "sid": "AllowStudentsFullS3Access"
              },
              {
                "actions": [
                  "ecr:*"
                ],
                "condition": [],
                "effect": "Allow",
                "not_actions": [],
                "not_principals": [],
                "not_resources": [],
                "principals": [],
                "resources": [
                  "*"
                ],
                "sid": "AllowStudentsECRFullAccess"
              },
              {
                "actions": [
                  "iam:CreatePolicy",
                  "iam:CreatePolicyVersion",
                  "iam:DeletePolicy",
                  "iam:DeletePolicyVersion",
                  "iam:GetPolicy",
                  "iam:GetPolicyVersion",
                  "iam:ListAttachedRolePolicies",
                  "iam:ListEntitiesForPolicy",
                  "iam:ListPolicies",
                  "iam:ListPolicyVersions",
                  "iam:SetDefaultPolicyVersion"
                ],
                "condition": [],
                "effect": "Allow",
                "not_actions": [],
                "not_principals": [],
                "not_resources": [],
                "principals": [],
                "resources": [
                  "arn:aws:iam::*:policy/*"
                ],
                "sid": "AllowStudentsFullIAMForECSPolicy"
              },
              {
                "actions": [
                  "iam:AttachRolePolicy",
                  "iam:CreateRole",
                  "iam:DeleteRole",
                  "iam:DeleteRolePolicy",
                  "iam:DetachRolePolicy",
                  "iam:GetRole",
                  "iam:GetRolePolicy",
                  "iam:ListAttachedRolePolicies",
                  "iam:ListEntitiesForPolicy",
                  "iam:ListInstanceProfilesForRole",
                  "iam:ListRolePolicies",
                  "iam:ListRoles",
                  "iam:PutRolePolicy",
                  "iam:UpdateAssumeRolePolicy"
                ],
                "condition": [],
                "effect": "Allow",
                "not_actions": [],
                "not_principals": [],
                "not_resources": [],
                "principals": [],
                "resources": [
                  "arn:aws:iam::*:role/*"
                ],
                "sid": "AllowStudentsFullIAMForECSRole"
              },
              {
                "actions": [
                  "iam:PassRole"
                ],
                "condition": [],
                "effect": "Allow",
                "not_actions": [],
                "not_principals": [],
                "not_resources": [],
                "principals": [],
                "resources": [
                  "*"
                ],
                "sid": "AllowStudentsIAMPassRole"
              },
              {
                "actions": [
                  "ecs:*"
                ],
                "condition": [],
                "effect": "Allow",
                "not_actions": [],
                "not_principals": [],
                "not_resources": [],
                "principals": [],
                "resources": [
                  "*"
                ],
                "sid": "AllowStudentsECSFullAccess"
              },
              {
                "actions": [
                  "logs:*"
                ],
                "condition": [],
                "effect": "Allow",
                "not_actions": [],
                "not_principals": [],
                "not_resources": [],
                "principals": [],
                "resources": [
                  "*"
                ],
                "sid": "AllowStudentsCloudWatchFullAccess"
              },
              {
                "actions": [
                  "amplify:*",
                  "route53:*"
                ],
                "condition": [],
                "effect": "Allow",
                "not_actions": [],
                "not_principals": [],
                "not_resources": [],
                "principals": [],
                "resources": [
                  "*"
                ],
                "sid": "AllowStudentsAmplifyFullAccess"
              },
              {
                "actions": [
                  "ec2:DescribeSecurityGroups",
                  "ec2:DescribeSubnets",
                  "ec2:DescribeVpcs",
                  "lambda:*",
                  "lambda:CreateFunction"
                ],
                "condition": [],
                "effect": "Allow",
                "not_actions": [],
                "not_principals": [],
                "not_resources": [],
                "principals": [],
                "resources": [
                  "*"
                ],
                "sid": "AllowStudentsLambdaFullAccess"
              },
              {
                "actions": [
                  "apigateway:*"
                ],
                "condition": [],
                "effect": "Allow",
                "not_actions": [],
                "not_principals": [],
                "not_resources": [],
                "principals": [],
                "resources": [
                  "*"
                ],
                "sid": "AllowStudentsApiGatewayFullAccess"
              }
            ],
            "version": "2012-10-17"
          },
          "sensitive_attributes": []
        }
      ]
    },
    {
      "mode": "data",
      "type": "aws_region",
      "name": "current_region",
      "provider": "provider[\"registry.terraform.io/hashicorp/aws\"]",
      "instances": [
        {
          "schema_version": 0,
          "attributes": {
            "description": "US East (N. Virginia)",
            "endpoint": "ec2.us-east-1.amazonaws.com",
            "id": "us-east-1",
            "name": "us-east-1"
          },
          "sensitive_attributes": []
        }
      ]
    },
    {
      "mode": "data",
      "type": "aws_route53_zone",
      "name": "penn_student_route53_api_zone",
      "provider": "provider[\"registry.terraform.io/hashicorp/aws\"]",
      "instances": [
        {
          "schema_version": 0,
          "attributes": {
            "arn": "arn:aws:route53:::hostedzone/Z070337025JZUCHVDPBH",
            "caller_reference": "RISWorkflow-RD:d2376bc3-7f58-4acd-8dbb-348314ffe195",
            "comment": "HostedZone created by Route53 Registrar",
            "id": "Z070337025JZUCHVDPBH",
            "linked_service_description": null,
            "linked_service_principal": null,
            "name": "bmin-5100.com",
            "name_servers": [
              "ns-1142.awsdns-14.org",
              "ns-20.awsdns-02.com",
              "ns-651.awsdns-17.net",
              "ns-1766.awsdns-28.co.uk"
            ],
            "primary_name_server": "ns-1142.awsdns-14.org",
            "private_zone": false,
            "resource_record_set_count": 18,
            "tags": {},
            "vpc_id": null,
            "zone_id": "Z070337025JZUCHVDPBH"
          },
          "sensitive_attributes": []
        }
      ]
    },
    {
      "mode": "managed",
      "type": "aws_acm_certificate",
      "name": "penn_student_api_gateway_acm_certificate",
      "provider": "provider[\"registry.terraform.io/hashicorp/aws\"]",
      "instances": [
        {
          "schema_version": 0,
          "attributes": {
            "arn": "arn:aws:acm:us-east-1:061051226319:certificate/c81f3f45-bfae-4c67-b466-ae3079ff505d",
            "certificate_authority_arn": "",
            "certificate_body": null,
            "certificate_chain": null,
            "domain_name": "api.bmin-5100.com",
            "domain_validation_options": [
              {
                "domain_name": "api.bmin-5100.com",
                "resource_record_name": "_5c2da51f906c4ea4d8f37c13feb7d440.api.bmin-5100.com.",
                "resource_record_type": "CNAME",
                "resource_record_value": "_eab6241ef49cd0295710c7c13601420a.xlfgrmvvlj.acm-validations.aws."
              }
            ],
            "early_renewal_duration": "",
            "id": "arn:aws:acm:us-east-1:061051226319:certificate/c81f3f45-bfae-4c67-b466-ae3079ff505d",
            "key_algorithm": "RSA_2048",
            "not_after": "2026-05-21T23:59:59Z",
            "not_before": "2025-04-22T00:00:00Z",
            "options": [
              {
                "certificate_transparency_logging_preference": "ENABLED"
              }
            ],
            "pending_renewal": false,
            "private_key": null,
            "renewal_eligibility": "ELIGIBLE",
            "renewal_summary": [],
            "status": "ISSUED",
            "subject_alternative_names": [
              "api.bmin-5100.com"
            ],
            "tags": {},
            "tags_all": {},
            "type": "AMAZON_ISSUED",
            "validation_emails": [],
            "validation_method": "DNS",
            "validation_option": []
          },
          "sensitive_attributes": [
            [
              {
                "type": "get_attr",
                "value": "private_key"
              }
            ]
          ],
          "private": "bnVsbA==",
          "create_before_destroy": true
        }
      ]
    },
    {
      "mode": "managed",
      "type": "aws_apigatewayv2_api",
      "name": "penn_student_api_gateway",
      "provider": "provider[\"registry.terraform.io/hashicorp/aws\"]",
      "instances": [
        {
          "schema_version": 0,
          "attributes": {
            "api_endpoint": "https://2d7z6x7c0i.execute-api.us-east-1.amazonaws.com",
            "api_key_selection_expression": "$request.header.x-api-key",
            "arn": "arn:aws:apigateway:us-east-1::/apis/2d7z6x7c0i",
            "body": null,
            "cors_configuration": [
              {
                "allow_credentials": false,
                "allow_headers": [
                  "*"
                ],
                "allow_methods": [
                  "*"
                ],
                "allow_origins": [
                  "*"
                ],
                "expose_headers": null,
                "max_age": 0
              }
            ],
            "credentials_arn": null,
            "description": "",
            "disable_execute_api_endpoint": false,
            "execution_arn": "arn:aws:execute-api:us-east-1:061051226319:2d7z6x7c0i",
            "fail_on_warnings": null,
            "id": "2d7z6x7c0i",
            "name": "bmin5100-api-gateway",
            "protocol_type": "HTTP",
            "route_key": null,
            "route_selection_expression": "$request.method $request.path",
            "tags": {},
            "tags_all": {},
            "target": null,
            "version": ""
          },
          "sensitive_attributes": [],
          "private": "bnVsbA=="
        }
      ]
    },
    {
      "mode": "managed",
      "type": "aws_apigatewayv2_api_mapping",
      "name": "penn_student_api_gateway_api_mapping",
      "provider": "provider[\"registry.terraform.io/hashicorp/aws\"]",
      "instances": [
        {
          "schema_version": 0,
          "attributes": {
            "api_id": "2d7z6x7c0i",
            "api_mapping_key": "",
            "domain_name": "api.bmin-5100.com",
            "id": "i0mp3x",
            "stage": "$default"
          },
          "sensitive_attributes": [],
          "private": "bnVsbA==",
          "dependencies": [
            "aws_acm_certificate.penn_student_api_gateway_acm_certificate",
            "aws_apigatewayv2_api.penn_student_api_gateway",
            "aws_apigatewayv2_domain_name.penn_student_api_gateway_domain_name"
          ]
        }
      ]
    },
    {
      "mode": "managed",
      "type": "aws_apigatewayv2_authorizer",
      "name": "penn_student_api_gateway_authorizer",
      "provider": "provider[\"registry.terraform.io/hashicorp/aws\"]",
      "instances": [
        {
          "schema_version": 0,
          "attributes": {
            "api_id": "2d7z6x7c0i",
            "authorizer_credentials_arn": "",
            "authorizer_payload_format_version": "",
            "authorizer_result_ttl_in_seconds": 0,
            "authorizer_type": "JWT",
            "authorizer_uri": "",
            "enable_simple_responses": false,
            "id": "54o19x",
            "identity_sources": [
              "$request.header.Authorization"
            ],
            "jwt_configuration": [
              {
                "audience": [
                  "1rskp96od6vbv5icbecm7qigu2"
                ],
                "issuer": "https://cognito-idp.us-east-1.amazonaws.com/us-east-1_1YXxPxFDP"
              }
            ],
            "name": "bmin5100-user-pool-authorizer",
            "timeouts": null
          },
          "sensitive_attributes": [],
          "private": "eyJlMmJmYjczMC1lY2FhLTExZTYtOGY4OC0zNDM2M2JjN2M0YzAiOnsiZGVsZXRlIjoxODAwMDAwMDAwMDAwfX0=",
          "dependencies": [
            "aws_apigatewayv2_api.penn_student_api_gateway",
            "aws_cognito_user_pool.penn_student_cognito_user_pool",
            "aws_cognito_user_pool_client.penn_student_cognito_user_pool_client"
          ]
        }
      ]
    },
    {
      "mode": "managed",
      "type": "aws_apigatewayv2_domain_name",
      "name": "penn_student_api_gateway_domain_name",
      "provider": "provider[\"registry.terraform.io/hashicorp/aws\"]",
      "instances": [
        {
          "schema_version": 0,
          "attributes": {
            "api_mapping_selection_expression": "$request.basepath",
            "arn": "arn:aws:apigateway:us-east-1::/domainnames/api.bmin-5100.com",
            "domain_name": "api.bmin-5100.com",
            "domain_name_configuration": [
              {
                "certificate_arn": "arn:aws:acm:us-east-1:061051226319:certificate/c81f3f45-bfae-4c67-b466-ae3079ff505d",
                "endpoint_type": "REGIONAL",
                "hosted_zone_id": "Z1UJRXOUMOOFQ8",
                "ownership_verification_certificate_arn": "",
                "security_policy": "TLS_1_2",
                "target_domain_name": "d-qhdsaqr6p2.execute-api.us-east-1.amazonaws.com"
              }
            ],
            "id": "api.bmin-5100.com",
            "mutual_tls_authentication": [],
            "tags": {},
            "tags_all": {},
            "timeouts": null
          },
          "sensitive_attributes": [],
          "private": "eyJlMmJmYjczMC1lY2FhLTExZTYtOGY4OC0zNDM2M2JjN2M0YzAiOnsiY3JlYXRlIjo2MDAwMDAwMDAwMDAsInVwZGF0ZSI6MzYwMDAwMDAwMDAwMH19",
          "dependencies": [
            "aws_acm_certificate.penn_student_api_gateway_acm_certificate"
          ]
        }
      ]
    },
    {
      "mode": "managed",
      "type": "aws_cognito_identity_pool",
      "name": "penn_student_cognito_identity_pool",
      "provider": "provider[\"registry.terraform.io/hashicorp/aws\"]",
      "instances": [
        {
          "schema_version": 0,
          "attributes": {
            "allow_classic_flow": false,
            "allow_unauthenticated_identities": false,
            "arn": "arn:aws:cognito-identity:us-east-1:061051226319:identitypool/us-east-1:6c006afe-1718-48c8-875f-51f7de84d8f7",
            "cognito_identity_providers": [
              {
                "client_id": "1rskp96od6vbv5icbecm7qigu2",
                "provider_name": "cognito-idp.us-east-1.amazonaws.com/us-east-1_1YXxPxFDP",
                "server_side_token_check": false
              }
            ],
            "developer_provider_name": "",
            "id": "us-east-1:6c006afe-1718-48c8-875f-51f7de84d8f7",
            "identity_pool_name": "bmin5100-identity-pool",
            "openid_connect_provider_arns": [],
            "saml_provider_arns": [],
            "supported_login_providers": {},
            "tags": {},
            "tags_all": {}
          },
          "sensitive_attributes": [],
          "private": "bnVsbA==",
          "dependencies": [
            "aws_cognito_user_pool.penn_student_cognito_user_pool",
            "aws_cognito_user_pool_client.penn_student_cognito_user_pool_client"
          ]
        }
      ]
    },
    {
      "mode": "managed",
      "type": "aws_cognito_identity_pool_roles_attachment",
      "name": "penn_student_cognito_identity_pool_roles_attachment",
      "provider": "provider[\"registry.terraform.io/hashicorp/aws\"]",
      "instances": [
        {
          "schema_version": 0,
          "attributes": {
            "id": "us-east-1:6c006afe-1718-48c8-875f-51f7de84d8f7",
            "identity_pool_id": "us-east-1:6c006afe-1718-48c8-875f-51f7de84d8f7",
            "role_mapping": [],
            "roles": {
              "authenticated": "arn:aws:iam::061051226319:role/bmin5100-authenticated-role"
            }
          },
          "sensitive_attributes": [],
          "private": "bnVsbA==",
          "dependencies": [
            "aws_cognito_identity_pool.penn_student_cognito_identity_pool",
            "aws_cognito_user_pool.penn_student_cognito_user_pool",
            "aws_cognito_user_pool_client.penn_student_cognito_user_pool_client",
            "aws_iam_role.penn_student_cognito_authenticated_role"
          ]
        }
      ]
    },
    {
      "mode": "managed",
      "type": "aws_cognito_user_pool",
      "name": "penn_student_cognito_user_pool",
      "provider": "provider[\"registry.terraform.io/hashicorp/aws\"]",
      "instances": [
        {
          "schema_version": 0,
          "attributes": {
            "account_recovery_setting": [
              {
                "recovery_mechanism": [
                  {
                    "name": "verified_email",
                    "priority": 1
                  },
                  {
                    "name": "verified_phone_number",
                    "priority": 2
                  }
                ]
              }
            ],
            "admin_create_user_config": [
              {
                "allow_admin_create_user_only": true,
                "invite_message_template": []
              }
            ],
            "alias_attributes": null,
            "arn": "arn:aws:cognito-idp:us-east-1:061051226319:userpool/us-east-1_1YXxPxFDP",
            "auto_verified_attributes": [
              "email"
            ],
            "creation_date": "2025-04-07T20:01:29Z",
            "custom_domain": "",
            "deletion_protection": "INACTIVE",
            "device_configuration": [],
            "domain": "bmin5100-students",
            "email_configuration": [
              {
                "configuration_set": "",
                "email_sending_account": "COGNITO_DEFAULT",
                "from_email_address": "",
                "reply_to_email_address": "",
                "source_arn": ""
              }
            ],
            "email_mfa_configuration": [],
            "email_verification_message": "",
            "email_verification_subject": "",
            "endpoint": "cognito-idp.us-east-1.amazonaws.com/us-east-1_1YXxPxFDP",
            "estimated_number_of_users": 11,
            "id": "us-east-1_1YXxPxFDP",
            "lambda_config": [],
            "last_modified_date": "2025-04-07T20:01:29Z",
            "mfa_configuration": "OFF",
            "name": "bmin5100-user-pool",
            "password_policy": [
              {
                "minimum_length": 8,
                "password_history_size": 0,
                "require_lowercase": true,
                "require_numbers": true,
                "require_symbols": true,
                "require_uppercase": true,
                "temporary_password_validity_days": 7
              }
            ],
            "schema": [
              {
                "attribute_data_type": "String",
                "developer_only_attribute": false,
                "mutable": true,
                "name": "bucket",
                "number_attribute_constraints": [],
                "required": false,
                "string_attribute_constraints": [
                  {
                    "max_length": null,
                    "min_length": null
                  }
                ]
              }
            ],
            "sign_in_policy": [
              {
                "allowed_first_auth_factors": [
                  "PASSWORD"
                ]
              }
            ],
            "sms_authentication_message": "",
            "sms_configuration": [],
            "sms_verification_message": "",
            "software_token_mfa_configuration": [],
            "tags": {},
            "tags_all": {},
            "user_attribute_update_settings": [],
            "user_pool_add_ons": [],
            "user_pool_tier": "ESSENTIALS",
            "username_attributes": [
              "email"
            ],
            "username_configuration": [
              {
                "case_sensitive": false
              }
            ],
            "verification_message_template": [
              {
                "default_email_option": "CONFIRM_WITH_CODE",
                "email_message": "",
                "email_message_by_link": "",
                "email_subject": "",
                "email_subject_by_link": "",
                "sms_message": ""
              }
            ],
            "web_authn_configuration": []
          },
          "sensitive_attributes": [],
          "private": "bnVsbA==",
          "create_before_destroy": true
        }
      ]
    },
    {
      "mode": "managed",
      "type": "aws_cognito_user_pool_client",
      "name": "penn_student_cognito_user_pool_client",
      "provider": "provider[\"registry.terraform.io/hashicorp/aws\"]",
      "instances": [
        {
          "schema_version": 0,
          "attributes": {
            "access_token_validity": 0,
            "allowed_oauth_flows": [],
            "allowed_oauth_flows_user_pool_client": false,
            "allowed_oauth_scopes": [],
            "analytics_configuration": [],
            "auth_session_validity": 3,
            "callback_urls": [],
            "client_secret": "",
            "default_redirect_uri": "",
            "enable_propagate_additional_user_context_data": false,
            "enable_token_revocation": true,
            "explicit_auth_flows": [
              "ALLOW_REFRESH_TOKEN_AUTH",
              "ALLOW_USER_PASSWORD_AUTH"
            ],
            "generate_secret": false,
            "id": "1rskp96od6vbv5icbecm7qigu2",
            "id_token_validity": 0,
            "logout_urls": [],
            "name": "bmin5100-user-pool-client",
            "prevent_user_existence_errors": "ENABLED",
            "read_attributes": [
              "email"
            ],
            "refresh_token_validity": 30,
            "supported_identity_providers": [],
            "token_validity_units": [],
            "user_pool_id": "us-east-1_1YXxPxFDP",
            "write_attributes": [
              "name"
            ]
          },
          "sensitive_attributes": [
            [
              {
                "type": "get_attr",
                "value": "client_secret"
              }
            ]
          ],
          "dependencies": [
            "aws_cognito_user_pool.penn_student_cognito_user_pool"
          ]
        }
      ]
    },
    {
      "mode": "managed",
      "type": "aws_cognito_user_pool_domain",
      "name": "penn_student_cognito_user_pool_domain",
      "provider": "provider[\"registry.terraform.io/hashicorp/aws\"]",
      "instances": [
        {
          "schema_version": 0,
          "attributes": {
            "aws_account_id": "061051226319",
            "certificate_arn": "",
            "cloudfront_distribution": "d3oia8etllorh5.cloudfront.net",
            "cloudfront_distribution_arn": "d3oia8etllorh5.cloudfront.net",
            "cloudfront_distribution_zone_id": "Z2FDTNDATAQYW2",
            "domain": "bmin5100-students",
            "id": "bmin5100-students",
            "s3_bucket": "aws-cognito-prod-iad-assets",
            "user_pool_id": "us-east-1_1YXxPxFDP",
            "version": "20250407203612"
          },
          "sensitive_attributes": [],
          "private": "bnVsbA==",
          "dependencies": [
            "aws_cognito_user_pool.penn_student_cognito_user_pool"
          ]
        }
      ]
    },
    {
      "mode": "managed",
      "type": "aws_ecs_cluster",
      "name": "ecs_cluster",
      "provider": "provider[\"registry.terraform.io/hashicorp/aws\"]",
      "instances": [
        {
          "schema_version": 0,
          "attributes": {
            "arn": "arn:aws:ecs:us-east-1:061051226319:cluster/bmin5100-cluster",
            "configuration": [],
            "id": "arn:aws:ecs:us-east-1:061051226319:cluster/bmin5100-cluster",
            "name": "bmin5100-cluster",
            "service_connect_defaults": [],
            "setting": [
              {
                "name": "containerInsights",
                "value": "disabled"
              }
            ],
            "tags": {},
            "tags_all": {}
          },
          "sensitive_attributes": [],
          "private": "bnVsbA=="
        }
      ]
    },
    {
      "mode": "managed",
      "type": "aws_eip",
      "name": "nat_gateway_eip",
      "provider": "provider[\"registry.terraform.io/hashicorp/aws\"]",
      "instances": [
        {
          "schema_version": 0,
          "attributes": {
            "address": null,
            "allocation_id": "eipalloc-0f05d052a7f001916",
            "arn": "arn:aws:ec2:us-east-1:061051226319:elastic-ip/eipalloc-0f05d052a7f001916",
            "associate_with_private_ip": null,
            "association_id": "eipassoc-06ce82bc820559b6d",
            "carrier_ip": "",
            "customer_owned_ip": "",
            "customer_owned_ipv4_pool": "",
            "domain": "vpc",
            "id": "eipalloc-0f05d052a7f001916",
            "instance": "",
            "ipam_pool_id": null,
            "network_border_group": "us-east-1",
            "network_interface": "eni-0e7f33146c593fb97",
            "private_dns": "ip-10-0-1-128.ec2.internal",
            "private_ip": "10.0.1.128",
            "ptr_record": "",
            "public_dns": "ec2-34-192-51-235.compute-1.amazonaws.com",
            "public_ip": "34.192.51.235",
            "public_ipv4_pool": "amazon",
            "tags": {},
            "tags_all": {},
            "timeouts": null,
            "vpc": true
          },
          "sensitive_attributes": [],
          "private": "eyJlMmJmYjczMC1lY2FhLTExZTYtOGY4OC0zNDM2M2JjN2M0YzAiOnsiZGVsZXRlIjoxODAwMDAwMDAwMDAsInJlYWQiOjkwMDAwMDAwMDAwMCwidXBkYXRlIjozMDAwMDAwMDAwMDB9fQ=="
        }
      ]
    },
    {
      "mode": "managed",
      "type": "aws_iam_group_policy_attachment",
      "name": "penn_student_iam_policy_attachment",
      "provider": "provider[\"registry.terraform.io/hashicorp/aws\"]",
      "instances": [
        {
          "schema_version": 0,
          "attributes": {
            "group": "PennStudents",
            "id": "PennStudents-20250306174059218200000001",
            "policy_arn": "arn:aws:iam::061051226319:policy/CustomPennStudentsPolicy"
          },
          "sensitive_attributes": [],
          "private": "bnVsbA==",
          "dependencies": [
            "aws_iam_policy.penn_student_iam_policy",
            "data.aws_iam_policy_document.penn_student_iam_policy_document"
          ]
        }
      ]
    },
    {
      "mode": "managed",
      "type": "aws_iam_policy",
      "name": "penn_student_iam_policy",
      "provider": "provider[\"registry.terraform.io/hashicorp/aws\"]",
      "instances": [
        {
          "schema_version": 0,
          "attributes": {
            "arn": "arn:aws:iam::061051226319:policy/CustomPennStudentsPolicy",
            "attachment_count": 1,
            "description": "Grants minimally required IAM permissions to Penn students in BMIN 5100",
            "id": "arn:aws:iam::061051226319:policy/CustomPennStudentsPolicy",
            "name": "CustomPennStudentsPolicy",
            "name_prefix": "",
            "path": "/",
            "policy": "{\"Statement\":[{\"Action\":[\"s3:ListBucket\",\"s3:GetObject\"],\"Effect\":\"Allow\",\"Resource\":[\"arn:aws:s3:::bmin5100-terraform-state/*\",\"arn:aws:s3:::bmin5100-terraform-state\"],\"Sid\":\"AllowStudentsS3TerraformStateReadAccess\"},{\"Action\":[\"s3:PutObject\",\"s3:DeleteObject\"],\"Effect\":\"Allow\",\"Resource\":[\"arn:aws:s3:::bmin5100-terraform-state/${aws:username}-*/*\",\"arn:aws:s3:::bmin5100-terraform-state/${aws:username}-*\"],\"Sid\":\"AllowStudentsS3TerraformWriteAccess\"},{\"Action\":\"s3:*\",\"Condition\":{\"StringNotEquals\":{\"s3:bucketname\":\"bmin5100-terraform-state\"}},\"Effect\":\"Allow\",\"Resource\":[\"arn:aws:s3:::*/*\",\"arn:aws:s3:::*\"],\"Sid\":\"AllowStudentsFullS3Access\"},{\"Action\":\"ecr:*\",\"Effect\":\"Allow\",\"Resource\":\"*\",\"Sid\":\"AllowStudentsECRFullAccess\"},{\"Action\":[\"iam:SetDefaultPolicyVersion\",\"iam:ListPolicyVersions\",\"iam:ListPolicies\",\"iam:ListEntitiesForPolicy\",\"iam:ListAttachedRolePolicies\",\"iam:GetPolicyVersion\",\"iam:GetPolicy\",\"iam:DeletePolicyVersion\",\"iam:DeletePolicy\",\"iam:CreatePolicyVersion\",\"iam:CreatePolicy\"],\"Effect\":\"Allow\",\"Resource\":\"arn:aws:iam::*:policy/*\",\"Sid\":\"AllowStudentsFullIAMForECSPolicy\"},{\"Action\":[\"iam:UpdateAssumeRolePolicy\",\"iam:PutRolePolicy\",\"iam:ListRoles\",\"iam:ListRolePolicies\",\"iam:ListInstanceProfilesForRole\",\"iam:ListEntitiesForPolicy\",\"iam:ListAttachedRolePolicies\",\"iam:GetRolePolicy\",\"iam:GetRole\",\"iam:DetachRolePolicy\",\"iam:DeleteRolePolicy\",\"iam:DeleteRole\",\"iam:CreateRole\",\"iam:AttachRolePolicy\"],\"Effect\":\"Allow\",\"Resource\":\"arn:aws:iam::*:role/*\",\"Sid\":\"AllowStudentsFullIAMForECSRole\"},{\"Action\":\"iam:PassRole\",\"Effect\":\"Allow\",\"Resource\":\"*\",\"Sid\":\"AllowStudentsIAMPassRole\"},{\"Action\":\"ecs:*\",\"Effect\":\"Allow\",\"Resource\":\"*\",\"Sid\":\"AllowStudentsECSFullAccess\"},{\"Action\":\"logs:*\",\"Effect\":\"Allow\",\"Resource\":\"*\",\"Sid\":\"AllowStudentsCloudWatchFullAccess\"},{\"Action\":[\"route53:*\",\"amplify:*\"],\"Effect\":\"Allow\",\"Resource\":\"*\",\"Sid\":\"AllowStudentsAmplifyFullAccess\"},{\"Action\":[\"lambda:CreateFunction\",\"lambda:*\",\"ec2:DescribeVpcs\",\"ec2:DescribeSubnets\",\"ec2:DescribeSecurityGroups\"],\"Effect\":\"Allow\",\"Resource\":\"*\",\"Sid\":\"AllowStudentsLambdaFullAccess\"},{\"Action\":\"apigateway:*\",\"Effect\":\"Allow\",\"Resource\":\"*\",\"Sid\":\"AllowStudentsApiGatewayFullAccess\"}],\"Version\":\"2012-10-17\"}",
            "policy_id": "ANPAQ4NXPZDH4YIMFAAHD",
            "tags": {},
            "tags_all": {}
          },
          "sensitive_attributes": [],
          "private": "bnVsbA==",
          "dependencies": [
            "data.aws_iam_policy_document.penn_student_iam_policy_document"
          ]
        }
      ]
    },
    {
      "mode": "managed",
      "type": "aws_iam_role",
      "name": "penn_student_cognito_authenticated_role",
      "provider": "provider[\"registry.terraform.io/hashicorp/aws\"]",
      "instances": [
        {
          "schema_version": 0,
          "attributes": {
            "arn": "arn:aws:iam::061051226319:role/bmin5100-authenticated-role",
            "assume_role_policy": "{\"Statement\":[{\"Action\":\"sts:AssumeRoleWithWebIdentity\",\"Condition\":{\"ForAnyValue:StringLike\":{\"cognito-identity.amazonaws.com:amr\":\"authenticated\"},\"StringEquals\":{\"cognito-identity.amazonaws.com:aud\":\"us-east-1:6c006afe-1718-48c8-875f-51f7de84d8f7\"}},\"Effect\":\"Allow\",\"Principal\":{\"Federated\":\"cognito-identity.amazonaws.com\"}}],\"Version\":\"2012-10-17\"}",
            "create_date": "2025-04-07T20:08:55Z",
            "description": "",
            "force_detach_policies": false,
            "id": "bmin5100-authenticated-role",
            "inline_policy": [
              {
                "name": "bmin5100-authenticated-policy",
                "policy": "{\"Version\":\"2012-10-17\",\"Statement\":[{\"Action\":[\"s3:*\"],\"Effect\":\"Allow\",\"Resource\":[\"*\"]}]}"
              }
            ],
            "managed_policy_arns": [],
            "max_session_duration": 3600,
            "name": "bmin5100-authenticated-role",
            "name_prefix": "",
            "path": "/",
            "permissions_boundary": "",
            "tags": {},
            "tags_all": {},
            "unique_id": "AROAQ4NXPZDH5FREVENHC"
          },
          "sensitive_attributes": [],
          "private": "bnVsbA==",
          "dependencies": [
            "aws_cognito_identity_pool.penn_student_cognito_identity_pool",
            "aws_cognito_user_pool.penn_student_cognito_user_pool",
            "aws_cognito_user_pool_client.penn_student_cognito_user_pool_client"
          ]
        }
      ]
    },
    {
      "mode": "managed",
      "type": "aws_iam_role_policy",
      "name": "penn_student_cognito_authenticated_policy",
      "provider": "provider[\"registry.terraform.io/hashicorp/aws\"]",
      "instances": [
        {
          "schema_version": 0,
          "attributes": {
            "id": "bmin5100-authenticated-role:bmin5100-authenticated-policy",
            "name": "bmin5100-authenticated-policy",
            "name_prefix": "",
            "policy": "{\"Version\":\"2012-10-17\",\"Statement\":[{\"Action\":[\"s3:*\"],\"Effect\":\"Allow\",\"Resource\":[\"*\"]}]}",
            "role": "bmin5100-authenticated-role"
          },
          "sensitive_attributes": [],
          "private": "bnVsbA==",
          "dependencies": [
            "aws_cognito_identity_pool.penn_student_cognito_identity_pool",
            "aws_cognito_user_pool.penn_student_cognito_user_pool",
            "aws_cognito_user_pool_client.penn_student_cognito_user_pool_client",
            "aws_iam_role.penn_student_cognito_authenticated_role"
          ]
        }
      ]
    },
    {
      "mode": "managed",
      "type": "aws_iam_service_linked_role",
      "name": "ecs_service_linked_role",
      "provider": "provider[\"registry.terraform.io/hashicorp/aws\"]",
      "instances": [
        {
          "schema_version": 0,
          "attributes": {
            "arn": "arn:aws:iam::061051226319:role/aws-service-role/ecs.amazonaws.com/AWSServiceRoleForECS",
            "aws_service_name": "ecs.amazonaws.com",
            "create_date": "2025-03-11T18:19:41Z",
            "custom_suffix": "",
            "description": "",
            "id": "arn:aws:iam::061051226319:role/aws-service-role/ecs.amazonaws.com/AWSServiceRoleForECS",
            "name": "AWSServiceRoleForECS",
            "path": "/aws-service-role/ecs.amazonaws.com/",
            "tags": {},
            "tags_all": {},
            "unique_id": "AROAQ4NXPZDH3PQKF75OW"
          },
          "sensitive_attributes": [],
          "private": "bnVsbA=="
        }
      ]
    },
    {
      "mode": "managed",
      "type": "aws_internet_gateway",
      "name": "internet_gateway",
      "provider": "provider[\"registry.terraform.io/hashicorp/aws\"]",
      "instances": [
        {
          "schema_version": 0,
          "attributes": {
            "arn": "arn:aws:ec2:us-east-1:061051226319:internet-gateway/igw-0c6e9a68ac96eb0b5",
            "id": "igw-0c6e9a68ac96eb0b5",
            "owner_id": "061051226319",
            "tags": {},
            "tags_all": {},
            "timeouts": null,
            "vpc_id": "vpc-0f05e89b4e3093f37"
          },
          "sensitive_attributes": [],
          "private": "eyJlMmJmYjczMC1lY2FhLTExZTYtOGY4OC0zNDM2M2JjN2M0YzAiOnsiY3JlYXRlIjoxMjAwMDAwMDAwMDAwLCJkZWxldGUiOjEyMDAwMDAwMDAwMDAsInVwZGF0ZSI6MTIwMDAwMDAwMDAwMH19",
          "dependencies": [
            "aws_vpc.vpc"
          ]
        }
      ]
    },
    {
      "mode": "managed",
      "type": "aws_nat_gateway",
      "name": "nat_gateway",
      "provider": "provider[\"registry.terraform.io/hashicorp/aws\"]",
      "instances": [
        {
          "schema_version": 0,
          "attributes": {
            "allocation_id": "eipalloc-0f05d052a7f001916",
            "association_id": "eipassoc-06ce82bc820559b6d",
            "connectivity_type": "public",
            "id": "nat-003f72911d84ccf72",
            "network_interface_id": "eni-0e7f33146c593fb97",
            "private_ip": "10.0.1.128",
            "public_ip": "34.192.51.235",
            "secondary_allocation_ids": [],
            "secondary_private_ip_address_count": 0,
            "secondary_private_ip_addresses": [],
            "subnet_id": "subnet-0d4be62aed07ca344",
            "tags": {},
            "tags_all": {},
            "timeouts": null
          },
          "sensitive_attributes": [],
          "private": "eyJlMmJmYjczMC1lY2FhLTExZTYtOGY4OC0zNDM2M2JjN2M0YzAiOnsiY3JlYXRlIjo2MDAwMDAwMDAwMDAsImRlbGV0ZSI6MTgwMDAwMDAwMDAwMCwidXBkYXRlIjo2MDAwMDAwMDAwMDB9fQ==",
          "dependencies": [
            "aws_eip.nat_gateway_eip",
            "aws_subnet.public_subnet",
            "aws_vpc.vpc"
          ]
        }
      ]
    },
    {
      "mode": "managed",
      "type": "aws_route53_record",
      "name": "penn_student_api_gateway_route53_alias",
      "provider": "provider[\"registry.terraform.io/hashicorp/aws\"]",
      "instances": [
        {
          "schema_version": 2,
          "attributes": {
            "alias": [
              {
                "evaluate_target_health": false,
                "name": "d-qhdsaqr6p2.execute-api.us-east-1.amazonaws.com",
                "zone_id": "Z1UJRXOUMOOFQ8"
              }
            ],
            "allow_overwrite": null,
            "cidr_routing_policy": [],
            "failover_routing_policy": [],
            "fqdn": "api.bmin-5100.com",
            "geolocation_routing_policy": [],
            "geoproximity_routing_policy": [],
            "health_check_id": "",
            "id": "Z070337025JZUCHVDPBH_api.bmin-5100.com_A",
            "latency_routing_policy": [],
            "multivalue_answer_routing_policy": false,
            "name": "api.bmin-5100.com",
            "records": [],
            "set_identifier": "",
            "ttl": 0,
            "type": "A",
            "weighted_routing_policy": [],
            "zone_id": "Z070337025JZUCHVDPBH"
          },
          "sensitive_attributes": [],
          "private": "eyJzY2hlbWFfdmVyc2lvbiI6IjIifQ==",
          "dependencies": [
            "aws_acm_certificate.penn_student_api_gateway_acm_certificate",
            "aws_apigatewayv2_domain_name.penn_student_api_gateway_domain_name",
            "data.aws_route53_zone.penn_student_route53_api_zone"
          ]
        }
      ]
    },
    {
      "mode": "managed",
      "type": "aws_route53_record",
      "name": "penn_student_api_gateway_route53_record",
      "provider": "provider[\"registry.terraform.io/hashicorp/aws\"]",
      "instances": [
        {
          "index_key": "api.bmin-5100.com",
          "schema_version": 2,
          "attributes": {
            "alias": [],
            "allow_overwrite": null,
            "cidr_routing_policy": [],
            "failover_routing_policy": [],
            "fqdn": "_5c2da51f906c4ea4d8f37c13feb7d440.api.bmin-5100.com",
            "geolocation_routing_policy": [],
            "geoproximity_routing_policy": [],
            "health_check_id": "",
            "id": "Z070337025JZUCHVDPBH__5c2da51f906c4ea4d8f37c13feb7d440.api.bmin-5100.com._CNAME",
            "latency_routing_policy": [],
            "multivalue_answer_routing_policy": false,
            "name": "_5c2da51f906c4ea4d8f37c13feb7d440.api.bmin-5100.com",
            "records": [
              "_eab6241ef49cd0295710c7c13601420a.xlfgrmvvlj.acm-validations.aws."
            ],
            "set_identifier": "",
            "ttl": 60,
            "type": "CNAME",
            "weighted_routing_policy": [],
            "zone_id": "Z070337025JZUCHVDPBH"
          },
          "sensitive_attributes": [],
          "private": "eyJzY2hlbWFfdmVyc2lvbiI6IjIifQ==",
          "dependencies": [
            "aws_acm_certificate.penn_student_api_gateway_acm_certificate",
            "data.aws_route53_zone.penn_student_route53_api_zone"
          ]
        }
      ]
    },
    {
      "mode": "managed",
      "type": "aws_route_table",
      "name": "private_route_table",
      "provider": "provider[\"registry.terraform.io/hashicorp/aws\"]",
      "instances": [
        {
          "schema_version": 0,
          "attributes": {
            "arn": "arn:aws:ec2:us-east-1:061051226319:route-table/rtb-0c2995dc6c25fe24d",
            "id": "rtb-0c2995dc6c25fe24d",
            "owner_id": "061051226319",
            "propagating_vgws": [],
            "route": [
              {
                "carrier_gateway_id": "",
                "cidr_block": "0.0.0.0/0",
                "core_network_arn": "",
                "destination_prefix_list_id": "",
                "egress_only_gateway_id": "",
                "gateway_id": "",
                "ipv6_cidr_block": "",
                "local_gateway_id": "",
                "nat_gateway_id": "nat-003f72911d84ccf72",
                "network_interface_id": "",
                "transit_gateway_id": "",
                "vpc_endpoint_id": "",
                "vpc_peering_connection_id": ""
              }
            ],
            "tags": {},
            "tags_all": {},
            "timeouts": null,
            "vpc_id": "vpc-0f05e89b4e3093f37"
          },
          "sensitive_attributes": [],
          "private": "eyJlMmJmYjczMC1lY2FhLTExZTYtOGY4OC0zNDM2M2JjN2M0YzAiOnsiY3JlYXRlIjozMDAwMDAwMDAwMDAsImRlbGV0ZSI6MzAwMDAwMDAwMDAwLCJ1cGRhdGUiOjEyMDAwMDAwMDAwMH19",
          "dependencies": [
            "aws_eip.nat_gateway_eip",
            "aws_nat_gateway.nat_gateway",
            "aws_subnet.public_subnet",
            "aws_vpc.vpc"
          ]
        }
      ]
    },
    {
      "mode": "managed",
      "type": "aws_route_table",
      "name": "public_route_table",
      "provider": "provider[\"registry.terraform.io/hashicorp/aws\"]",
      "instances": [
        {
          "schema_version": 0,
          "attributes": {
            "arn": "arn:aws:ec2:us-east-1:061051226319:route-table/rtb-034c11770e07f083f",
            "id": "rtb-034c11770e07f083f",
            "owner_id": "061051226319",
            "propagating_vgws": [],
            "route": [
              {
                "carrier_gateway_id": "",
                "cidr_block": "0.0.0.0/0",
                "core_network_arn": "",
                "destination_prefix_list_id": "",
                "egress_only_gateway_id": "",
                "gateway_id": "igw-0c6e9a68ac96eb0b5",
                "ipv6_cidr_block": "",
                "local_gateway_id": "",
                "nat_gateway_id": "",
                "network_interface_id": "",
                "transit_gateway_id": "",
                "vpc_endpoint_id": "",
                "vpc_peering_connection_id": ""
              }
            ],
            "tags": {},
            "tags_all": {},
            "timeouts": null,
            "vpc_id": "vpc-0f05e89b4e3093f37"
          },
          "sensitive_attributes": [],
          "private": "eyJlMmJmYjczMC1lY2FhLTExZTYtOGY4OC0zNDM2M2JjN2M0YzAiOnsiY3JlYXRlIjozMDAwMDAwMDAwMDAsImRlbGV0ZSI6MzAwMDAwMDAwMDAwLCJ1cGRhdGUiOjEyMDAwMDAwMDAwMH19",
          "dependencies": [
            "aws_internet_gateway.internet_gateway",
            "aws_vpc.vpc"
          ]
        }
      ]
    },
    {
      "mode": "managed",
      "type": "aws_route_table_association",
      "name": "private_route_table_association",
      "provider": "provider[\"registry.terraform.io/hashicorp/aws\"]",
      "instances": [
        {
          "schema_version": 0,
          "attributes": {
            "gateway_id": "",
            "id": "rtbassoc-0c94f584d047871a9",
            "route_table_id": "rtb-0c2995dc6c25fe24d",
            "subnet_id": "subnet-01f95ecd0b65e0a0c",
            "timeouts": null
          },
          "sensitive_attributes": [],
          "private": "eyJlMmJmYjczMC1lY2FhLTExZTYtOGY4OC0zNDM2M2JjN2M0YzAiOnsiY3JlYXRlIjozMDAwMDAwMDAwMDAsImRlbGV0ZSI6MzAwMDAwMDAwMDAwLCJ1cGRhdGUiOjEyMDAwMDAwMDAwMH19",
          "dependencies": [
            "aws_eip.nat_gateway_eip",
            "aws_nat_gateway.nat_gateway",
            "aws_route_table.private_route_table",
            "aws_subnet.private_subnet",
            "aws_subnet.public_subnet",
            "aws_vpc.vpc"
          ]
        }
      ]
    },
    {
      "mode": "managed",
      "type": "aws_route_table_association",
      "name": "public_route_table_association",
      "provider": "provider[\"registry.terraform.io/hashicorp/aws\"]",
      "instances": [
        {
          "schema_version": 0,
          "attributes": {
            "gateway_id": "",
            "id": "rtbassoc-05c4b56a9b069c732",
            "route_table_id": "rtb-034c11770e07f083f",
            "subnet_id": "subnet-0d4be62aed07ca344",
            "timeouts": null
          },
          "sensitive_attributes": [],
          "private": "eyJlMmJmYjczMC1lY2FhLTExZTYtOGY4OC0zNDM2M2JjN2M0YzAiOnsiY3JlYXRlIjozMDAwMDAwMDAwMDAsImRlbGV0ZSI6MzAwMDAwMDAwMDAwLCJ1cGRhdGUiOjEyMDAwMDAwMDAwMH19",
          "dependencies": [
            "aws_internet_gateway.internet_gateway",
            "aws_route_table.public_route_table",
            "aws_subnet.public_subnet",
            "aws_vpc.vpc"
          ]
        }
      ]
    },
    {
      "mode": "managed",
      "type": "aws_s3_bucket",
      "name": "lambda_builds_s3_bucket",
      "provider": "provider[\"registry.terraform.io/hashicorp/aws\"]",
      "instances": [
        {
          "schema_version": 0,
          "attributes": {
            "acceleration_status": "",
            "acl": null,
            "arn": "arn:aws:s3:::bmin5100-lambda-builds",
            "bucket": "bmin5100-lambda-builds",
            "bucket_domain_name": "bmin5100-lambda-builds.s3.amazonaws.com",
            "bucket_prefix": "",
            "bucket_regional_domain_name": "bmin5100-lambda-builds.s3.us-east-1.amazonaws.com",
            "cors_rule": [],
            "force_destroy": true,
            "grant": [
              {
                "id": "63d5b84ede7781341980cdc22e9d062bb203a45235b5b7e26d56d4fd3eb20853",
                "permissions": [
                  "FULL_CONTROL"
                ],
                "type": "CanonicalUser",
                "uri": ""
              }
            ],
            "hosted_zone_id": "Z3AQBSTGFYJSTF",
            "id": "bmin5100-lambda-builds",
            "lifecycle_rule": [
              {
                "abort_incomplete_multipart_upload_days": 0,
                "enabled": true,
                "expiration": [],
                "id": "expire-old-versions",
                "noncurrent_version_expiration": [
                  {
                    "days": 30
                  }
                ],
                "noncurrent_version_transition": [],
                "prefix": "",
                "tags": {},
                "transition": []
              }
            ],
            "logging": [],
            "object_lock_configuration": [],
            "object_lock_enabled": false,
            "policy": "",
            "region": "us-east-1",
            "replication_configuration": [],
            "request_payer": "BucketOwner",
            "server_side_encryption_configuration": [
              {
                "rule": [
                  {
                    "apply_server_side_encryption_by_default": [
                      {
                        "kms_master_key_id": "",
                        "sse_algorithm": "AES256"
                      }
                    ],
                    "bucket_key_enabled": false
                  }
                ]
              }
            ],
            "tags": {},
            "tags_all": {},
            "timeouts": null,
            "versioning": [
              {
                "enabled": true,
                "mfa_delete": false
              }
            ],
            "website": [],
            "website_domain": null,
            "website_endpoint": null
          },
          "sensitive_attributes": [],
          "private": "eyJlMmJmYjczMC1lY2FhLTExZTYtOGY4OC0zNDM2M2JjN2M0YzAiOnsiY3JlYXRlIjoxMjAwMDAwMDAwMDAwLCJkZWxldGUiOjM2MDAwMDAwMDAwMDAsInJlYWQiOjEyMDAwMDAwMDAwMDAsInVwZGF0ZSI6MTIwMDAwMDAwMDAwMH19"
        }
      ]
    },
    {
      "mode": "managed",
      "type": "aws_s3_bucket_lifecycle_configuration",
      "name": "lambda_builds_s3_bucket_lifecycle_configuration",
      "provider": "provider[\"registry.terraform.io/hashicorp/aws\"]",
      "instances": [
        {
          "schema_version": 1,
          "attributes": {
            "bucket": "bmin5100-lambda-builds",
            "expected_bucket_owner": "",
            "id": "bmin5100-lambda-builds",
            "rule": [
              {
                "abort_incomplete_multipart_upload": [],
                "expiration": [],
                "filter": [
                  {
                    "and": [],
                    "object_size_greater_than": null,
                    "object_size_less_than": null,
                    "prefix": "",
                    "tag": []
                  }
                ],
                "id": "expire-old-versions",
                "noncurrent_version_expiration": [
                  {
                    "newer_noncurrent_versions": null,
                    "noncurrent_days": 30
                  }
                ],
                "noncurrent_version_transition": [],
                "prefix": "",
                "status": "Enabled",
                "transition": []
              }
            ],
            "timeouts": null,
            "transition_default_minimum_object_size": "all_storage_classes_128K"
          },
          "sensitive_attributes": [],
          "dependencies": [
            "aws_s3_bucket.lambda_builds_s3_bucket"
          ]
        }
      ]
    },
    {
      "mode": "managed",
      "type": "aws_s3_bucket_server_side_encryption_configuration",
      "name": "lambda_builds_s3_bucket_server_side_encryption_configuration",
      "provider": "provider[\"registry.terraform.io/hashicorp/aws\"]",
      "instances": [
        {
          "schema_version": 0,
          "attributes": {
            "bucket": "bmin5100-lambda-builds",
            "expected_bucket_owner": "",
            "id": "bmin5100-lambda-builds",
            "rule": [
              {
                "apply_server_side_encryption_by_default": [
                  {
                    "kms_master_key_id": "",
                    "sse_algorithm": "AES256"
                  }
                ],
                "bucket_key_enabled": false
              }
            ]
          },
          "sensitive_attributes": [],
          "private": "bnVsbA==",
          "dependencies": [
            "aws_s3_bucket.lambda_builds_s3_bucket"
          ]
        }
      ]
    },
    {
      "mode": "managed",
      "type": "aws_s3_bucket_versioning",
      "name": "lambda_builds_s3_bucket_versioning",
      "provider": "provider[\"registry.terraform.io/hashicorp/aws\"]",
      "instances": [
        {
          "schema_version": 0,
          "attributes": {
            "bucket": "bmin5100-lambda-builds",
            "expected_bucket_owner": "",
            "id": "bmin5100-lambda-builds",
            "mfa": null,
            "versioning_configuration": [
              {
                "mfa_delete": "",
                "status": "Enabled"
              }
            ]
          },
          "sensitive_attributes": [],
          "private": "bnVsbA==",
          "dependencies": [
            "aws_s3_bucket.lambda_builds_s3_bucket"
          ]
        }
      ]
    },
    {
      "mode": "managed",
      "type": "aws_security_group",
      "name": "ecs_security_group",
      "provider": "provider[\"registry.terraform.io/hashicorp/aws\"]",
      "instances": [
        {
          "schema_version": 1,
          "attributes": {
            "arn": "arn:aws:ec2:us-east-1:061051226319:security-group/sg-061a132c5c1ad80ce",
            "description": "Allow all outbound traffic for ECS tasks",
            "egress": [
              {
                "cidr_blocks": [
                  "0.0.0.0/0"
                ],
                "description": "",
                "from_port": 0,
                "ipv6_cidr_blocks": [],
                "prefix_list_ids": [],
                "protocol": "-1",
                "security_groups": [],
                "self": false,
                "to_port": 0
              }
            ],
            "id": "sg-061a132c5c1ad80ce",
            "ingress": [],
            "name": "ecs-security-group",
            "name_prefix": "",
            "owner_id": "061051226319",
            "revoke_rules_on_delete": false,
            "tags": {},
            "tags_all": {},
            "timeouts": null,
            "vpc_id": "vpc-0f05e89b4e3093f37"
          },
          "sensitive_attributes": [],
          "private": "eyJlMmJmYjczMC1lY2FhLTExZTYtOGY4OC0zNDM2M2JjN2M0YzAiOnsiY3JlYXRlIjo2MDAwMDAwMDAwMDAsImRlbGV0ZSI6OTAwMDAwMDAwMDAwfSwic2NoZW1hX3ZlcnNpb24iOiIxIn0=",
          "dependencies": [
            "aws_vpc.vpc"
          ]
        }
      ]
    },
    {
      "mode": "managed",
      "type": "aws_subnet",
      "name": "private_subnet",
      "provider": "provider[\"registry.terraform.io/hashicorp/aws\"]",
      "instances": [
        {
          "schema_version": 1,
          "attributes": {
            "arn": "arn:aws:ec2:us-east-1:061051226319:subnet/subnet-01f95ecd0b65e0a0c",
            "assign_ipv6_address_on_creation": false,
            "availability_zone": "us-east-1a",
            "availability_zone_id": "use1-az4",
            "cidr_block": "10.0.2.0/24",
            "customer_owned_ipv4_pool": "",
            "enable_dns64": false,
            "enable_lni_at_device_index": 0,
            "enable_resource_name_dns_a_record_on_launch": false,
            "enable_resource_name_dns_aaaa_record_on_launch": false,
            "id": "subnet-01f95ecd0b65e0a0c",
            "ipv6_cidr_block": "",
            "ipv6_cidr_block_association_id": "",
            "ipv6_native": false,
            "map_customer_owned_ip_on_launch": false,
            "map_public_ip_on_launch": false,
            "outpost_arn": "",
            "owner_id": "061051226319",
            "private_dns_hostname_type_on_launch": "ip-name",
            "tags": {},
            "tags_all": {},
            "timeouts": null,
            "vpc_id": "vpc-0f05e89b4e3093f37"
          },
          "sensitive_attributes": [],
          "private": "eyJlMmJmYjczMC1lY2FhLTExZTYtOGY4OC0zNDM2M2JjN2M0YzAiOnsiY3JlYXRlIjo2MDAwMDAwMDAwMDAsImRlbGV0ZSI6MTIwMDAwMDAwMDAwMH0sInNjaGVtYV92ZXJzaW9uIjoiMSJ9",
          "dependencies": [
            "aws_vpc.vpc"
          ]
        }
      ]
    },
    {
      "mode": "managed",
      "type": "aws_subnet",
      "name": "public_subnet",
      "provider": "provider[\"registry.terraform.io/hashicorp/aws\"]",
      "instances": [
        {
          "schema_version": 1,
          "attributes": {
            "arn": "arn:aws:ec2:us-east-1:061051226319:subnet/subnet-0d4be62aed07ca344",
            "assign_ipv6_address_on_creation": false,
            "availability_zone": "us-east-1a",
            "availability_zone_id": "use1-az4",
            "cidr_block": "10.0.1.0/24",
            "customer_owned_ipv4_pool": "",
            "enable_dns64": false,
            "enable_lni_at_device_index": 0,
            "enable_resource_name_dns_a_record_on_launch": false,
            "enable_resource_name_dns_aaaa_record_on_launch": false,
            "id": "subnet-0d4be62aed07ca344",
            "ipv6_cidr_block": "",
            "ipv6_cidr_block_association_id": "",
            "ipv6_native": false,
            "map_customer_owned_ip_on_launch": false,
            "map_public_ip_on_launch": true,
            "outpost_arn": "",
            "owner_id": "061051226319",
            "private_dns_hostname_type_on_launch": "ip-name",
            "tags": {},
            "tags_all": {},
            "timeouts": null,
            "vpc_id": "vpc-0f05e89b4e3093f37"
          },
          "sensitive_attributes": [],
          "private": "eyJlMmJmYjczMC1lY2FhLTExZTYtOGY4OC0zNDM2M2JjN2M0YzAiOnsiY3JlYXRlIjo2MDAwMDAwMDAwMDAsImRlbGV0ZSI6MTIwMDAwMDAwMDAwMH0sInNjaGVtYV92ZXJzaW9uIjoiMSJ9",
          "dependencies": [
            "aws_vpc.vpc"
          ]
        }
      ]
    },
    {
      "mode": "managed",
      "type": "aws_vpc",
      "name": "vpc",
      "provider": "provider[\"registry.terraform.io/hashicorp/aws\"]",
      "instances": [
        {
          "schema_version": 1,
          "attributes": {
            "arn": "arn:aws:ec2:us-east-1:061051226319:vpc/vpc-0f05e89b4e3093f37",
            "assign_generated_ipv6_cidr_block": false,
            "cidr_block": "10.0.0.0/16",
            "default_network_acl_id": "acl-0254cac401078ddfe",
            "default_route_table_id": "rtb-023bb9ae4e4c15c45",
            "default_security_group_id": "sg-081871c062dd3d42f",
            "dhcp_options_id": "dopt-052f9ffa4fcb4947d",
            "enable_dns_hostnames": true,
            "enable_dns_support": true,
            "enable_network_address_usage_metrics": false,
            "id": "vpc-0f05e89b4e3093f37",
            "instance_tenancy": "default",
            "ipv4_ipam_pool_id": null,
            "ipv4_netmask_length": null,
            "ipv6_association_id": "",
            "ipv6_cidr_block": "",
            "ipv6_cidr_block_network_border_group": "",
            "ipv6_ipam_pool_id": "",
            "ipv6_netmask_length": 0,
            "main_route_table_id": "rtb-023bb9ae4e4c15c45",
            "owner_id": "061051226319",
            "tags": {},
            "tags_all": {}
          },
          "sensitive_attributes": [],
          "private": "eyJzY2hlbWFfdmVyc2lvbiI6IjEifQ=="
        }
      ]
    }
  ],
  "check_results": null
}
